# THIS IS AN AUTOGENERATED FILE. DO NOT EDIT THIS FILE DIRECTLY.
# yarn lockfile v1


react-confetti@^6.0.1:
  version "6.0.1"
  resolved "https://registry.yarnpkg.com/react-confetti/-/react-confetti-6.0.1.tgz#d4f57b5a021dd908a6243b8f63b6009b00818d10"
  integrity sha512-ZpOTBrqSNhWE4rRXCZ6E6U+wGd7iYHF5MGrqwikoiBpgBq9Akdu0DcLW+FdFnLjyZYC+VfAiV2KeFgYRMyMrkA==
  dependencies:
    tween-functions "^1.2.0"

tween-functions@^1.2.0:
  version "1.2.0"
  resolved "https://registry.yarnpkg.com/tween-functions/-/tween-functions-1.2.0.tgz#1ae3a50e7c60bb3def774eac707acbca73bbc3ff"
  integrity sha1-GuOlDnxguz3vd06scHrLynO7w/8=
